<?xml version="1.0" encoding="utf-8"?>
<Project ToolsVersion="4.0" xmlns="http://schemas.microsoft.com/developer/msbuild/2003">
  <ItemGroup>
    <Filter Include="Source Files">
      <UniqueIdentifier>{4FC737F1-C7A5-4376-A066-2A32D752A2FF}</UniqueIdentifier>
      <Extensions>cpp;c;cc;cxx;c++;cppm;ixx;def;odl;idl;hpj;bat;asm;asmx</Extensions>
    </Filter>
    <Filter Include="Header Files">
      <UniqueIdentifier>{93995380-89BD-4b04-88EB-625FBE52EBFB}</UniqueIdentifier>
      <Extensions>h;hh;hpp;hxx;h++;hm;inl;inc;ipp;xsd</Extensions>
    </Filter>
    <Filter Include="Resource Files">
      <UniqueIdentifier>{67DA6AB6-F800-4c08-8B7A-83BB121AAD01}</UniqueIdentifier>
      <Extensions>rc;ico;cur;bmp;dlg;rc2;rct;bin;rgs;gif;jpg;jpeg;jpe;resx;tiff;tif;png;wav;mfcribbon-ms</Extensions>
    </Filter>
    <Filter Include="inc">
      <UniqueIdentifier>{1d682757-cbc4-452e-831e-156224ff4714}</UniqueIdentifier>
    </Filter>
    <Filter Include="inc\3thpart">
      <UniqueIdentifier>{bd6bd127-b9f1-4639-bdad-de01f0448b36}</UniqueIdentifier>
    </Filter>
    <Filter Include="inc\3thpart\spdlg">
      <UniqueIdentifier>{ec7ffd12-9ef9-4862-9b41-b54de9e8df9b}</UniqueIdentifier>
    </Filter>
  </ItemGroup>
  <ItemGroup>
    <ClInclude Include="framework.h">
      <Filter>Header Files</Filter>
    </ClInclude>
    <ClInclude Include="pch.h">
      <Filter>Header Files</Filter>
    </ClInclude>
    <ClInclude Include="example_dll.h">
      <Filter>Header Files</Filter>
    </ClInclude>
    <ClInclude Include="example_dll_const.h">
      <Filter>Header Files</Filter>
    </ClInclude>
    <ClInclude Include="resource.h">
      <Filter>Header Files</Filter>
    </ClInclude>
    <ClInclude Include="cjob_mgmt_of_dll.h">
      <Filter>Header Files</Filter>
    </ClInclude>
    <ClInclude Include="cjob_of_dll.h">
      <Filter>Header Files</Filter>
    </ClInclude>
    <ClInclude Include="cexample_dll.h">
      <Filter>Header Files</Filter>
    </ClInclude>
    <ClInclude Include="..\inc\_safe_cv.h">
      <Filter>inc</Filter>
    </ClInclude>
    <ClInclude Include="cprocess.h">
      <Filter>Header Files</Filter>
    </ClInclude>
    <ClInclude Include="cprocess_of_job.h">
      <Filter>Header Files</Filter>
    </ClInclude>
    <ClInclude Include="..\inc\clogger.h">
      <Filter>inc</Filter>
    </ClInclude>
    <ClInclude Include="..\inc\ctools.h">
      <Filter>inc</Filter>
    </ClInclude>
    <ClInclude Include="..\inc\cdk_map.h">
      <Filter>inc</Filter>
    </ClInclude>
    <ClInclude Include="..\inc\cworker.h">
      <Filter>inc</Filter>
    </ClInclude>
    <ClInclude Include="cjob_mgmt.h">
      <Filter>Header Files</Filter>
    </ClInclude>
    <ClInclude Include="cresult.h">
      <Filter>Header Files</Filter>
    </ClInclude>
  </ItemGroup>
  <ItemGroup>
    <ClCompile Include="dllmain.cpp">
      <Filter>Source Files</Filter>
    </ClCompile>
    <ClCompile Include="pch.cpp">
      <Filter>Source Files</Filter>
    </ClCompile>
    <ClCompile Include="example_dll.cpp">
      <Filter>Source Files</Filter>
    </ClCompile>
  </ItemGroup>
  <ItemGroup>
    <None Include="example_dll.def">
      <Filter>Source Files</Filter>
    </None>
  </ItemGroup>
  <ItemGroup>
    <ResourceCompile Include="example_dll.rc">
      <Filter>Resource Files</Filter>
    </ResourceCompile>
  </ItemGroup>
</Project>